// !$*UTF8*$!
{
	archiveVersion = 1;
	classes = {
	};
	objectVersion = 56;
	objects = {

/* Begin PBXBuildFile section */
		0F9B7E6CC8FA516D9C4D3BE2 /* ColorUtility.swift in Sources */ = {isa = PBXBuildFile; fileRef = B143003255085DAA8EC5B760 /* ColorUtility.swift */; };
		192C2DDB202B5251B82D5770 /* Project.swift in Sources */ = {isa = PBXBuildFile; fileRef = F9E5C4FFC48355BC88986DC5 /* Project.swift */; };
		3D9F125FF8215DEAA1664B2E /* SavedColor.swift in Sources */ = {isa = PBXBuildFile; fileRef = 5190BA686D355035BEC7BAE5 /* SavedColor.swift */; };
		592E3AB7DC2951548DCEF652 /* PinCardView.swift in Sources */ = {isa = PBXBuildFile; fileRef = D959A66925BD5FC2A7712840 /* PinCardView.swift */; };
		6A22B39452C153EDBDA2F08C /* CameraPicker.swift in Sources */ = {isa = PBXBuildFile; fileRef = 4B678F1597865F40B52C8D3C /* CameraPicker.swift */; };
		6E7F5BDFC3F255F797BBD838 /* FavoritesView.swift in Sources */ = {isa = PBXBuildFile; fileRef = 9377452F32D650FC9D58B6AD /* FavoritesView.swift */; };
		8ED39A3045F95E7880ADC087 /* AddPinSheet.swift in Sources */ = {isa = PBXBuildFile; fileRef = BA3DA2EDD69D5AD18246B04C /* AddPinSheet.swift */; };
		9C4403556AA1503282E84EC0 /* PinPinApp.swift in Sources */ = {isa = PBXBuildFile; fileRef = 4D1154FE1E8B5790940C891A /* PinPinApp.swift */; };
		9C5334CE27E354CD8407979C /* ColorPickerOverlay.swift in Sources */ = {isa = PBXBuildFile; fileRef = 234C6104A87A54A8859D9D63 /* ColorPickerOverlay.swift */; };
		AE16908CE3645A5AAECE90BE /* ContentView.swift in Sources */ = {isa = PBXBuildFile; fileRef = B12E7A60C93F5E5E89AC77F8 /* ContentView.swift */; };
		B7F7940248BD531A8EFFB6B3 /* BoardView.swift in Sources */ = {isa = PBXBuildFile; fileRef = 264EAD65F172534B91E63AA3 /* BoardView.swift */; };
		D3CD12A00D3558BF871B3413 /* PinDetailView.swift in Sources */ = {isa = PBXBuildFile; fileRef = E66D039BEDCC5A069FBF386A /* PinDetailView.swift */; };
		FD1A84BA27ED5762AB0ED863 /* Pin.swift in Sources */ = {isa = PBXBuildFile; fileRef = C4B309B320BB5B239F1A362D /* Pin.swift */; };
/* End PBXBuildFile section */

/* Begin PBXFileReference section */
		234C6104A87A54A8859D9D63 /* ColorPickerOverlay.swift */ = {isa = PBXFileReference; lastKnownFileType = sourcecode.swift; path = ColorPickerOverlay.swift; sourceTree = "<group>"; };
		264EAD65F172534B91E63AA3 /* BoardView.swift */ = {isa = PBXFileReference; lastKnownFileType = sourcecode.swift; path = BoardView.swift; sourceTree = "<group>"; };
		4B678F1597865F40B52C8D3C /* CameraPicker.swift */ = {isa = PBXFileReference; lastKnownFileType = sourcecode.swift; path = CameraPicker.swift; sourceTree = "<group>"; };
		4D1154FE1E8B5790940C891A /* PinPinApp.swift */ = {isa = PBXFileReference; lastKnownFileType = sourcecode.swift; path = PinPinApp.swift; sourceTree = "<group>"; };
		5190BA686D355035BEC7BAE5 /* SavedColor.swift */ = {isa = PBXFileReference; lastKnownFileType = sourcecode.swift; path = SavedColor.swift; sourceTree = "<group>"; };
		755B21149AAC5D06B38B07C0 /* Pigment.app */ = {isa = PBXFileReference; explicitFileType = wrapper.application; includeInIndex = 0; path = Pigment.app; sourceTree = BUILT_PRODUCTS_DIR; };
		9377452F32D650FC9D58B6AD /* FavoritesView.swift */ = {isa = PBXFileReference; lastKnownFileType = sourcecode.swift; path = FavoritesView.swift; sourceTree = "<group>"; };
		B12E7A60C93F5E5E89AC77F8 /* ContentView.swift */ = {isa = PBXFileReference; lastKnownFileType = sourcecode.swift; path = ContentView.swift; sourceTree = "<group>"; };
		B143003255085DAA8EC5B760 /* ColorUtility.swift */ = {isa = PBXFileReference; lastKnownFileType = sourcecode.swift; path = ColorUtility.swift; sourceTree = "<group>"; };
		BA3DA2EDD69D5AD18246B04C /* AddPinSheet.swift */ = {isa = PBXFileReference; lastKnownFileType = sourcecode.swift; path = AddPinSheet.swift; sourceTree = "<group>"; };
		C4B309B320BB5B239F1A362D /* Pin.swift */ = {isa = PBXFileReference; lastKnownFileType = sourcecode.swift; path = Pin.swift; sourceTree = "<group>"; };
		D959A66925BD5FC2A7712840 /* PinCardView.swift */ = {isa = PBXFileReference; lastKnownFileType = sourcecode.swift; path = PinCardView.swift; sourceTree = "<group>"; };
		E66D039BEDCC5A069FBF386A /* PinDetailView.swift */ = {isa = PBXFileReference; lastKnownFileType = sourcecode.swift; path = PinDetailView.swift; sourceTree = "<group>"; };
		F9E5C4FFC48355BC88986DC5 /* Project.swift */ = {isa = PBXFileReference; lastKnownFileType = sourcecode.swift; path = Project.swift; sourceTree = "<group>"; };
/* End PBXFileReference section */

/* Begin PBXFrameworksBuildPhase section */
		E2BC090A9E225A1C9F2BE8C8 /* Frameworks */ = {
			isa = PBXFrameworksBuildPhase;
			buildActionMask = 2147483647;
			files = (
			);
			runOnlyForDeploymentPostprocessing = 0;
		};
/* End PBXFrameworksBuildPhase section */

/* Begin PBXGroup section */
		465E6A48311F5398A9F69501 /* Utilities */ = {
			isa = PBXGroup;
			children = (
				B143003255085DAA8EC5B760 /* ColorUtility.swift */,
			);
			path = Utilities;
			sourceTree = "<group>";
		};
		4D69C453C4C853BB9CA8E546 /* Views */ = {
			isa = PBXGroup;
			children = (
				264EAD65F172534B91E63AA3 /* BoardView.swift */,
				D959A66925BD5FC2A7712840 /* PinCardView.swift */,
				BA3DA2EDD69D5AD18246B04C /* AddPinSheet.swift */,
				4B678F1597865F40B52C8D3C /* CameraPicker.swift */,
				E66D039BEDCC5A069FBF386A /* PinDetailView.swift */,
				234C6104A87A54A8859D9D63 /* ColorPickerOverlay.swift */,
				9377452F32D650FC9D58B6AD /* FavoritesView.swift */,
			);
			path = Views;
			sourceTree = "<group>";
		};
		69192689052F5A20BE0A6318 /* Models */ = {
			isa = PBXGroup;
			children = (
				C4B309B320BB5B239F1A362D /* Pin.swift */,
				5190BA686D355035BEC7BAE5 /* SavedColor.swift */,
				F9E5C4FFC48355BC88986DC5 /* Project.swift */,
			);
			path = Models;
			sourceTree = "<group>";
		};
		B2FA4AE638A157C180AC0AFB /* PinPin */ = {
			isa = PBXGroup;
			children = (
				69192689052F5A20BE0A6318 /* Models */,
				4D69C453C4C853BB9CA8E546 /* Views */,
				465E6A48311F5398A9F69501 /* Utilities */,
				4D1154FE1E8B5790940C891A /* PinPinApp.swift */,
				B12E7A60C93F5E5E89AC77F8 /* ContentView.swift */,
			);
			path = PinPin;
			sourceTree = "<group>";
		};
		B5C45CC40A3D5EE88B3B7578 /* Products */ = {
			isa = PBXGroup;
			children = (
				755B21149AAC5D06B38B07C0 /* Pigment.app */,
			);
			name = Products;
			sourceTree = "<group>";
		};
/* End PBXGroup section */

/* Begin PBXNativeTarget section */
		0F94977369A758DD88F05930 /* Pigment */ = {
			isa = PBXNativeTarget;
			buildConfigurationList = 1714AE309A38573DACD1F535 /* Build configuration list for PBXNativeTarget "Pigment" */;
			buildPhases = (
				A633C28CE1F750DDB7706DF1 /* Sources */,
				E2BC090A9E225A1C9F2BE8C8 /* Frameworks */,
				5D3D5E20CAFC5B1F812815AC /* Resources */,
			);
			buildRules = (
			);
			dependencies = (
			);
			name = Pigment;
			productName = Pigment;
			productReference = 755B21149AAC5D06B38B07C0 /* Pigment.app */;
			productType = "com.apple.product-type.application";
		};
/* End PBXNativeTarget section */

/* Begin PBXProject section */
		26D92590D05056BE81CA2289 /* Project object */ = {
			isa = PBXProject;
			attributes = {
				BuildIndependentTargetsInParallel = 1;
				LastSwiftUpdateCheck = 2630;
				LastUpgradeCheck = 2630;
				TargetAttributes = {
					0F94977369A758DD88F05930 = {
						CreatedOnToolsVersion = 26.3;
					};
				};
			};
			buildConfigurationList = E5AC7FFAAB6C57E78562493A /* Build configuration list for PBXProject "PinPin" */;
			compatibilityVersion = "Xcode 14.0";
			developmentRegion = en;
			hasScannedForEncodings = 0;
			knownRegions = (
				en,
				Base,
			);
			mainGroup = B2FA4AE638A157C180AC0AFB /* PinPin */;
			productRefGroup = B5C45CC40A3D5EE88B3B7578 /* Products */;
			projectDirPath = "";
			projectRoot = "";
			targets = (
				0F94977369A758DD88F05930 /* Pigment */,
			);
		};
/* End PBXProject section */

/* Begin PBXResourcesBuildPhase section */
		5D3D5E20CAFC5B1F812815AC /* Resources */ = {
			isa = PBXResourcesBuildPhase;
			buildActionMask = 2147483647;
			files = (
			);
			runOnlyForDeploymentPostprocessing = 0;
		};
/* End PBXResourcesBuildPhase section */

/* Begin PBXSourcesBuildPhase section */
		A633C28CE1F750DDB7706DF1 /* Sources */ = {
			isa = PBXSourcesBuildPhase;
			buildActionMask = 2147483647;
			files = (
				9C4403556AA1503282E84EC0 /* PinPinApp.swift in Sources */,
				AE16908CE3645A5AAECE90BE /* ContentView.swift in Sources */,
				FD1A84BA27ED5762AB0ED863 /* Pin.swift in Sources */,
				3D9F125FF8215DEAA1664B2E /* SavedColor.swift in Sources */,
				192C2DDB202B5251B82D5770 /* Project.swift in Sources */,
				B7F7940248BD531A8EFFB6B3 /* BoardView.swift in Sources */,
				592E3AB7DC2951548DCEF652 /* PinCardView.swift in Sources */,
				8ED39A3045F95E7880ADC087 /* AddPinSheet.swift in Sources */,
				6A22B39452C153EDBDA2F08C /* CameraPicker.swift in Sources */,
				D3CD12A00D3558BF871B3413 /* PinDetailView.swift in Sources */,
				9C5334CE27E354CD8407979C /* ColorPickerOverlay.swift in Sources */,
				6E7F5BDFC3F255F797BBD838 /* FavoritesView.swift in Sources */,
				0F9B7E6CC8FA516D9C4D3BE2 /* ColorUtility.swift in Sources */,
			);
			runOnlyForDeploymentPostprocessing = 0;
		};
/* End PBXSourcesBuildPhase section */

/* Begin XCBuildConfiguration section */
		B5FAA3CD404353F1809BFDA2 /* Release */ = {
			isa = XCBuildConfiguration;
			buildSettings = {
				ALWAYS_SEARCH_USER_PATHS = NO;
				CODE_SIGN_STYLE = Automatic;
				DEVELOPMENT_TEAM = "";
				ENABLE_PREVIEWS = YES;
				ENABLE_USER_SCRIPT_SANDBOXING = NO;
				GENERATE_INFOPLIST_FILE = YES;
				INFOPLIST_KEY_CFBundleDisplayName = Pigment;
				INFOPLIST_KEY_NSCameraUsageDescription = "Pigment uses the camera to capture photos for your board.";
				INFOPLIST_KEY_UIApplicationSceneManifest_Generation = YES;
				INFOPLIST_KEY_UIApplicationSupportsIndirectInputEvents = YES;
				INFOPLIST_KEY_UILaunchScreen_Generation = YES;
				INFOPLIST_KEY_UIRequiredDeviceCapabilities = arm64;
				INFOPLIST_KEY_UISupportedInterfaceOrientations = "UIInterfaceOrientationPortrait UIInterfaceOrientationLandscapeLeft UIInterfaceOrientationLandscapeRight";
				INFOPLIST_KEY_UISupportedInterfaceOrientations_iPad = "UIInterfaceOrientationPortrait UIInterfaceOrientationPortraitUpsideDown UIInterfaceOrientationLandscapeLeft UIInterfaceOrientationLandscapeRight";
				IPHONEOS_DEPLOYMENT_TARGET = 17.0;
				PRODUCT_BUNDLE_IDENTIFIER = com.pigment.moodboard;
				PRODUCT_NAME = Pigment;
				SDKROOT = iphoneos;
				SWIFT_EMIT_LOC_STRINGS = YES;
				SWIFT_VERSION = 5.0;
				TARGETED_DEVICE_FAMILY = "1,2";
			};
			name = Release;
		};
		BFDAB89B9ACE5B0B8D3F1E00 /* Release */ = {
			isa = XCBuildConfiguration;
			buildSettings = {
				ALWAYS_SEARCH_USER_PATHS = NO;
				CODE_SIGN_STYLE = Automatic;
				DEVELOPMENT_TEAM = S5NFW9785Z;
				ENABLE_PREVIEWS = YES;
				ENABLE_USER_SCRIPT_SANDBOXING = NO;
				GENERATE_INFOPLIST_FILE = YES;
				INFOPLIST_KEY_CFBundleDisplayName = Pigment;
				INFOPLIST_KEY_NSCameraUsageDescription = "Pigment uses the camera to capture photos for your board.";
				INFOPLIST_KEY_UIApplicationSceneManifest_Generation = YES;
				INFOPLIST_KEY_UIApplicationSupportsIndirectInputEvents = YES;
				INFOPLIST_KEY_UILaunchScreen_Generation = YES;
				INFOPLIST_KEY_UIRequiredDeviceCapabilities = arm64;
				INFOPLIST_KEY_UISupportedInterfaceOrientations = "UIInterfaceOrientationPortrait UIInterfaceOrientationLandscapeLeft UIInterfaceOrientationLandscapeRight";
				INFOPLIST_KEY_UISupportedInterfaceOrientations_iPad = "UIInterfaceOrientationPortrait UIInterfaceOrientationPortraitUpsideDown UIInterfaceOrientationLandscapeLeft UIInterfaceOrientationLandscapeRight";
				IPHONEOS_DEPLOYMENT_TARGET = 17.0;
				PRODUCT_BUNDLE_IDENTIFIER = com.pigment.moodboard;
				PRODUCT_NAME = Pigment;
				SDKROOT = iphoneos;
				SWIFT_EMIT_LOC_STRINGS = YES;
				SWIFT_VERSION = 5.0;
				TARGETED_DEVICE_FAMILY = "1,2";
			};
			name = Release;
		};
		E76FFE4DA4CF5E7DB7781EDE /* Debug */ = {
			isa = XCBuildConfiguration;
			buildSettings = {
				ALWAYS_SEARCH_USER_PATHS = NO;
				CODE_SIGN_STYLE = Automatic;
				DEVELOPMENT_TEAM = S5NFW9785Z;
				ENABLE_PREVIEWS = YES;
				ENABLE_USER_SCRIPT_SANDBOXING = NO;
				GENERATE_INFOPLIST_FILE = YES;
				INFOPLIST_KEY_CFBundleDisplayName = Pigment;
				INFOPLIST_KEY_NSCameraUsageDescription = "Pigment uses the camera to capture photos for your board.";
				INFOPLIST_KEY_UIApplicationSceneManifest_Generation = YES;
				INFOPLIST_KEY_UIApplicationSupportsIndirectInputEvents = YES;
				INFOPLIST_KEY_UILaunchScreen_Generation = YES;
				INFOPLIST_KEY_UIRequiredDeviceCapabilities = arm64;
				INFOPLIST_KEY_UISupportedInterfaceOrientations = "UIInterfaceOrientationPortrait UIInterfaceOrientationLandscapeLeft UIInterfaceOrientationLandscapeRight";
				INFOPLIST_KEY_UISupportedInterfaceOrientations_iPad = "UIInterfaceOrientationPortrait UIInterfaceOrientationPortraitUpsideDown UIInterfaceOrientationLandscapeLeft UIInterfaceOrientationLandscapeRight";
				IPHONEOS_DEPLOYMENT_TARGET = 17.0;
				PRODUCT_BUNDLE_IDENTIFIER = com.pigment.moodboard;
				PRODUCT_NAME = Pigment;
				SDKROOT = iphoneos;
				SWIFT_EMIT_LOC_STRINGS = YES;
				SWIFT_VERSION = 5.0;
				TARGETED_DEVICE_FAMILY = "1,2";
			};
			name = Debug;
		};
		ED868363F61A56C99EF23BAF /* Debug */ = {
			isa = XCBuildConfiguration;
			buildSettings = {
				ALWAYS_SEARCH_USER_PATHS = NO;
				CODE_SIGN_STYLE = Automatic;
				DEVELOPMENT_TEAM = "";
				ENABLE_PREVIEWS = YES;
				ENABLE_USER_SCRIPT_SANDBOXING = NO;
				GENERATE_INFOPLIST_FILE = YES;
				INFOPLIST_KEY_CFBundleDisplayName = Pigment;
				INFOPLIST_KEY_NSCameraUsageDescription = "Pigment uses the camera to capture photos for your board.";
				INFOPLIST_KEY_UIApplicationSceneManifest_Generation = YES;
				INFOPLIST_KEY_UIApplicationSupportsIndirectInputEvents = YES;
				INFOPLIST_KEY_UILaunchScreen_Generation = YES;
				INFOPLIST_KEY_UIRequiredDeviceCapabilities = arm64;
				INFOPLIST_KEY_UISupportedInterfaceOrientations = "UIInterfaceOrientationPortrait UIInterfaceOrientationLandscapeLeft UIInterfaceOrientationLandscapeRight";
				INFOPLIST_KEY_UISupportedInterfaceOrientations_iPad = "UIInterfaceOrientationPortrait UIInterfaceOrientationPortraitUpsideDown UIInterfaceOrientationLandscapeLeft UIInterfaceOrientationLandscapeRight";
				IPHONEOS_DEPLOYMENT_TARGET = 17.0;
				PRODUCT_BUNDLE_IDENTIFIER = com.pigment.moodboard;
				PRODUCT_NAME = Pigment;
				SDKROOT = iphoneos;
				SWIFT_EMIT_LOC_STRINGS = YES;
				SWIFT_VERSION = 5.0;
				TARGETED_DEVICE_FAMILY = "1,2";
			};
			name = Debug;
		};
/* End XCBuildConfiguration section */

/* Begin XCConfigurationList section */
		1714AE309A38573DACD1F535 /* Build configuration list for PBXNativeTarget "Pigment" */ = {
			isa = XCConfigurationList;
			buildConfigurations = (
				E76FFE4DA4CF5E7DB7781EDE /* Debug */,
				BFDAB89B9ACE5B0B8D3F1E00 /* Release */,
			);
			defaultConfigurationIsVisible = 0;
			defaultConfigurationName = Release;
		};
		E5AC7FFAAB6C57E78562493A /* Build configuration list for PBXProject "PinPin" */ = {
			isa = XCConfigurationList;
			buildConfigurations = (
				ED868363F61A56C99EF23BAF /* Debug */,
				B5FAA3CD404353F1809BFDA2 /* Release */,
			);
			defaultConfigurationIsVisible = 0;
			defaultConfigurationName = Release;
		};
/* End XCConfigurationList section */
	};
	rootObject = 26D92590D05056BE81CA2289 /* Project object */;
}
